
Microsoft Visual Studio Solution File, Format Version 12.00
# Visual Studio Version 17
VisualStudioVersion = 17.1.32328.378
MinimumVisualStudioVersion = 10.0.40219.1
Project("{FAE04EC0-301F-11D3-BF4B-00C04F79EFBC}") = "ASPStart", "ASPStart.csproj", "{A13C76F9-265E-4FEA-B655-A52E127F3F2C}"
EndProject
Global
	GlobalSection(SolutionConfigurationPlatforms) = preSolution
		Debug|Any CPU = Debug|Any CPU
		Release|Any CPU = Release|Any CPU
	EndGlobalSection
	GlobalSection(ProjectConfigurationPlatforms) = postSolution
		{A13C76F9-265E-4FEA-B655-A52E127F3F2C}.Debug|Any CPU.ActiveCfg = Debug|Any CPU
		{A13C76F9-265E-4FEA-B655-A52E127F3F2C}.Debug|Any CPU.Build.0 = Debug|Any CPU
		{A13C76F9-265E-4FEA-B655-A52E127F3F2C}.Release|Any CPU.ActiveCfg = Release|Any CPU
		{A13C76F9-265E-4FEA-B655-A52E127F3F2C}.Release|Any CPU.Build.0 = Release|Any CPU
	EndGlobalSection
	GlobalSection(SolutionProperties) = preSolution
		HideSolutionNode = FALSE
	EndGlobalSection
	GlobalSection(ExtensibilityGlobals) = postSolution
		SolutionGuid = {C108EB12-6682-4C21-BE3C-C8A0985B3FB8}
	EndGlobalSection
EndGlobal
